{
  "originHash" : "abf1a4b015679c8b6b416e9846b0f18b7dc3dfface5912ad32afd23af2ab91e7",
  "pins" : [
    {
      "identity" : "asyncxpcconnection",
      "kind" : "remoteSourceControl",
      "location" : "https://github.com/ChimeHQ/AsyncXPCConnection.git",
      "state" : {
        "revision" : "a676f19ca891314c4a2455319226a41267709d37",
        "version" : "1.2.0"
      }
    }
  ],
  "version" : 3
}
