// !$*UTF8*$!
{
	archiveVersion = 1;
	classes = {
	};
	objectVersion = 77;
	objects = {

/* Begin PBXBuildFile section */
		B3544F432D678C420019B589 /* AsyncService in Frameworks */ = {isa = PBXBuildFile; productRef = B3544F422D678C420019B589 /* AsyncService */; };
		B36EBC5F2D677151006CB52E /* AsyncXPCServiceSampleXPC.xpc in Embed XPC Services */ = {isa = PBXBuildFile; fileRef = B36EBC532D677151006CB52E /* AsyncXPCServiceSampleXPC.xpc */; settings = {ATTRIBUTES = (RemoveHeadersOnCopy, ); }; };
		B36EBC862D6772D7006CB52E /* AsyncXPC in Frameworks */ = {isa = PBXBuildFile; productRef = B36EBC852D6772D7006CB52E /* AsyncXPC */; };
/* End PBXBuildFile section */

/* Begin PBXContainerItemProxy section */
		B36EBC5D2D677151006CB52E /* PBXContainerItemProxy */ = {
			isa = PBXContainerItemProxy;
			containerPortal = B36EBC2B2D6770FE006CB52E /* Project object */;
			proxyType = 1;
			remoteGlobalIDString = B36EBC522D677151006CB52E;
			remoteInfo = AsyncXPCServiceSampleXPC;
		};
/* End PBXContainerItemProxy section */

/* Begin PBXCopyFilesBuildPhase section */
		B36EBC602D677151006CB52E /* Embed XPC Services */ = {
			isa = PBXCopyFilesBuildPhase;
			buildActionMask = 2147483647;
			dstPath = "$(CONTENTS_FOLDER_PATH)/XPCServices";
			dstSubfolderSpec = 16;
			files = (
				B36EBC5F2D677151006CB52E /* AsyncXPCServiceSampleXPC.xpc in Embed XPC Services */,
			);
			name = "Embed XPC Services";
			runOnlyForDeploymentPostprocessing = 0;
		};
/* End PBXCopyFilesBuildPhase section */

/* Begin PBXFileReference section */
		B36EBC332D6770FE006CB52E /* AsyncXPCServiceSampleApp.app */ = {isa = PBXFileReference; explicitFileType = wrapper.application; includeInIndex = 0; path = AsyncXPCServiceSampleApp.app; sourceTree = BUILT_PRODUCTS_DIR; };
		B36EBC532D677151006CB52E /* AsyncXPCServiceSampleXPC.xpc */ = {isa = PBXFileReference; explicitFileType = "wrapper.xpc-service"; includeInIndex = 0; path = AsyncXPCServiceSampleXPC.xpc; sourceTree = BUILT_PRODUCTS_DIR; };
/* End PBXFileReference section */

/* Begin PBXFileSystemSynchronizedBuildFileExceptionSet section */
		B36EBC632D677151006CB52E /* Exceptions for "AsyncXPCServiceSampleXPC" folder in "AsyncXPCServiceSampleXPC" target */ = {
			isa = PBXFileSystemSynchronizedBuildFileExceptionSet;
			membershipExceptions = (
				Info.plist,
			);
			target = B36EBC522D677151006CB52E /* AsyncXPCServiceSampleXPC */;
		};
/* End PBXFileSystemSynchronizedBuildFileExceptionSet section */

/* Begin PBXFileSystemSynchronizedRootGroup section */
		B36EBC352D6770FE006CB52E /* AsyncXPCServiceSampleApp */ = {
			isa = PBXFileSystemSynchronizedRootGroup;
			path = AsyncXPCServiceSampleApp;
			sourceTree = "<group>";
		};
		B36EBC542D677151006CB52E /* AsyncXPCServiceSampleXPC */ = {
			isa = PBXFileSystemSynchronizedRootGroup;
			exceptions = (
				B36EBC632D677151006CB52E /* Exceptions for "AsyncXPCServiceSampleXPC" folder in "AsyncXPCServiceSampleXPC" target */,
			);
			path = AsyncXPCServiceSampleXPC;
			sourceTree = "<group>";
		};
/* End PBXFileSystemSynchronizedRootGroup section */

/* Begin PBXFrameworksBuildPhase section */
		B36EBC302D6770FE006CB52E /* Frameworks */ = {
			isa = PBXFrameworksBuildPhase;
			buildActionMask = 2147483647;
			files = (
				B3544F432D678C420019B589 /* AsyncService in Frameworks */,
			);
			runOnlyForDeploymentPostprocessing = 0;
		};
		B36EBC502D677151006CB52E /* Frameworks */ = {
			isa = PBXFrameworksBuildPhase;
			buildActionMask = 2147483647;
			files = (
				B36EBC862D6772D7006CB52E /* AsyncXPC in Frameworks */,
			);
			runOnlyForDeploymentPostprocessing = 0;
		};
/* End PBXFrameworksBuildPhase section */

/* Begin PBXGroup section */
		B36EBC2A2D6770FE006CB52E = {
			isa = PBXGroup;
			children = (
				B36EBC352D6770FE006CB52E /* AsyncXPCServiceSampleApp */,
				B36EBC542D677151006CB52E /* AsyncXPCServiceSampleXPC */,
				B36EBC842D6772D7006CB52E /* Frameworks */,
				B36EBC342D6770FE006CB52E /* Products */,
			);
			sourceTree = "<group>";
		};
		B36EBC342D6770FE006CB52E /* Products */ = {
			isa = PBXGroup;
			children = (
				B36EBC332D6770FE006CB52E /* AsyncXPCServiceSampleApp.app */,
				B36EBC532D677151006CB52E /* AsyncXPCServiceSampleXPC.xpc */,
			);
			name = Products;
			sourceTree = "<group>";
		};
		B36EBC842D6772D7006CB52E /* Frameworks */ = {
			isa = PBXGroup;
			children = (
			);
			name = Frameworks;
			sourceTree = "<group>";
		};
/* End PBXGroup section */

/* Begin PBXNativeTarget section */
		B36EBC322D6770FE006CB52E /* AsyncXPCServiceSampleApp */ = {
			isa = PBXNativeTarget;
			buildConfigurationList = B36EBC422D677100006CB52E /* Build configuration list for PBXNativeTarget "AsyncXPCServiceSampleApp" */;
			buildPhases = (
				B36EBC2F2D6770FE006CB52E /* Sources */,
				B36EBC302D6770FE006CB52E /* Frameworks */,
				B36EBC312D6770FE006CB52E /* Resources */,
				B36EBC602D677151006CB52E /* Embed XPC Services */,
			);
			buildRules = (
			);
			dependencies = (
				B36EBC5E2D677151006CB52E /* PBXTargetDependency */,
			);
			fileSystemSynchronizedGroups = (
				B36EBC352D6770FE006CB52E /* AsyncXPCServiceSampleApp */,
			);
			name = AsyncXPCServiceSampleApp;
			packageProductDependencies = (
				B3544F422D678C420019B589 /* AsyncService */,
			);
			productName = AsyncXPCServiceSampleApp;
			productReference = B36EBC332D6770FE006CB52E /* AsyncXPCServiceSampleApp.app */;
			productType = "com.apple.product-type.application";
		};
		B36EBC522D677151006CB52E /* AsyncXPCServiceSampleXPC */ = {
			isa = PBXNativeTarget;
			buildConfigurationList = B36EBC642D677151006CB52E /* Build configuration list for PBXNativeTarget "AsyncXPCServiceSampleXPC" */;
			buildPhases = (
				B36EBC4F2D677151006CB52E /* Sources */,
				B36EBC502D677151006CB52E /* Frameworks */,
				B36EBC512D677151006CB52E /* Resources */,
			);
			buildRules = (
			);
			dependencies = (
			);
			fileSystemSynchronizedGroups = (
				B36EBC542D677151006CB52E /* AsyncXPCServiceSampleXPC */,
			);
			name = AsyncXPCServiceSampleXPC;
			packageProductDependencies = (
				B36EBC852D6772D7006CB52E /* AsyncXPC */,
			);
			productName = AsyncXPCServiceSampleXPC;
			productReference = B36EBC532D677151006CB52E /* AsyncXPCServiceSampleXPC.xpc */;
			productType = "com.apple.product-type.xpc-service";
		};
/* End PBXNativeTarget section */

/* Begin PBXProject section */
		B36EBC2B2D6770FE006CB52E /* Project object */ = {
			isa = PBXProject;
			attributes = {
				BuildIndependentTargetsInParallel = 1;
				LastSwiftUpdateCheck = 1620;
				LastUpgradeCheck = 1620;
				TargetAttributes = {
					B36EBC322D6770FE006CB52E = {
						CreatedOnToolsVersion = 16.2;
					};
					B36EBC522D677151006CB52E = {
						CreatedOnToolsVersion = 16.2;
					};
				};
			};
			buildConfigurationList = B36EBC2E2D6770FE006CB52E /* Build configuration list for PBXProject "AsyncXPCServiceSampleApp" */;
			developmentRegion = en;
			hasScannedForEncodings = 0;
			knownRegions = (
				en,
				Base,
			);
			mainGroup = B36EBC2A2D6770FE006CB52E;
			minimizedProjectReferenceProxies = 1;
			packageReferences = (
				B36EBC652D67721E006CB52E /* XCLocalSwiftPackageReference "AsyncXPCServiceSample" */,
			);
			preferredProjectObjectVersion = 77;
			productRefGroup = B36EBC342D6770FE006CB52E /* Products */;
			projectDirPath = "";
			projectRoot = "";
			targets = (
				B36EBC322D6770FE006CB52E /* AsyncXPCServiceSampleApp */,
				B36EBC522D677151006CB52E /* AsyncXPCServiceSampleXPC */,
			);
		};
/* End PBXProject section */

/* Begin PBXResourcesBuildPhase section */
		B36EBC312D6770FE006CB52E /* Resources */ = {
			isa = PBXResourcesBuildPhase;
			buildActionMask = 2147483647;
			files = (
			);
			runOnlyForDeploymentPostprocessing = 0;
		};
		B36EBC512D677151006CB52E /* Resources */ = {
			isa = PBXResourcesBuildPhase;
			buildActionMask = 2147483647;
			files = (
			);
			runOnlyForDeploymentPostprocessing = 0;
		};
/* End PBXResourcesBuildPhase section */

/* Begin PBXSourcesBuildPhase section */
		B36EBC2F2D6770FE006CB52E /* Sources */ = {
			isa = PBXSourcesBuildPhase;
			buildActionMask = 2147483647;
			files = (
			);
			runOnlyForDeploymentPostprocessing = 0;
		};
		B36EBC4F2D677151006CB52E /* Sources */ = {
			isa = PBXSourcesBuildPhase;
			buildActionMask = 2147483647;
			files = (
			);
			runOnlyForDeploymentPostprocessing = 0;
		};
/* End PBXSourcesBuildPhase section */

/* Begin PBXTargetDependency section */
		B36EBC5E2D677151006CB52E /* PBXTargetDependency */ = {
			isa = PBXTargetDependency;
			target = B36EBC522D677151006CB52E /* AsyncXPCServiceSampleXPC */;
			targetProxy = B36EBC5D2D677151006CB52E /* PBXContainerItemProxy */;
		};
/* End PBXTargetDependency section */

/* Begin XCBuildConfiguration section */
		B36EBC402D677100006CB52E /* Debug */ = {
			isa = XCBuildConfiguration;
			buildSettings = {
				ALWAYS_SEARCH_USER_PATHS = NO;
				ASSETCATALOG_COMPILER_GENERATE_SWIFT_ASSET_SYMBOL_EXTENSIONS = YES;
				CLANG_ANALYZER_NONNULL = YES;
				CLANG_ANALYZER_NUMBER_OBJECT_CONVERSION = YES_AGGRESSIVE;
				CLANG_CXX_LANGUAGE_STANDARD = "gnu++20";
				CLANG_ENABLE_MODULES = YES;
				CLANG_ENABLE_OBJC_ARC = YES;
				CLANG_ENABLE_OBJC_WEAK = YES;
				CLANG_WARN_BLOCK_CAPTURE_AUTORELEASING = YES;
				CLANG_WARN_BOOL_CONVERSION = YES;
				CLANG_WARN_COMMA = YES;
				CLANG_WARN_CONSTANT_CONVERSION = YES;
				CLANG_WARN_DEPRECATED_OBJC_IMPLEMENTATIONS = YES;
				CLANG_WARN_DIRECT_OBJC_ISA_USAGE = YES_ERROR;
				CLANG_WARN_DOCUMENTATION_COMMENTS = YES;
				CLANG_WARN_EMPTY_BODY = YES;
				CLANG_WARN_ENUM_CONVERSION = YES;
				CLANG_WARN_INFINITE_RECURSION = YES;
				CLANG_WARN_INT_CONVERSION = YES;
				CLANG_WARN_NON_LITERAL_NULL_CONVERSION = YES;
				CLANG_WARN_OBJC_IMPLICIT_RETAIN_SELF = YES;
				CLANG_WARN_OBJC_LITERAL_CONVERSION = YES;
				CLANG_WARN_OBJC_ROOT_CLASS = YES_ERROR;
				CLANG_WARN_QUOTED_INCLUDE_IN_FRAMEWORK_HEADER = YES;
				CLANG_WARN_RANGE_LOOP_ANALYSIS = YES;
				CLANG_WARN_STRICT_PROTOTYPES = YES;
				CLANG_WARN_SUSPICIOUS_MOVE = YES;
				CLANG_WARN_UNGUARDED_AVAILABILITY = YES_AGGRESSIVE;
				CLANG_WARN_UNREACHABLE_CODE = YES;
				CLANG_WARN__DUPLICATE_METHOD_MATCH = YES;
				COPY_PHASE_STRIP = NO;
				DEBUG_INFORMATION_FORMAT = dwarf;
				ENABLE_STRICT_OBJC_MSGSEND = YES;
				ENABLE_TESTABILITY = YES;
				ENABLE_USER_SCRIPT_SANDBOXING = YES;
				GCC_C_LANGUAGE_STANDARD = gnu17;
				GCC_DYNAMIC_NO_PIC = NO;
				GCC_NO_COMMON_BLOCKS = YES;
				GCC_OPTIMIZATION_LEVEL = 0;
				GCC_PREPROCESSOR_DEFINITIONS = (
					"DEBUG=1",
					"$(inherited)",
				);
				GCC_WARN_64_TO_32_BIT_CONVERSION = YES;
				GCC_WARN_ABOUT_RETURN_TYPE = YES_ERROR;
				GCC_WARN_UNDECLARED_SELECTOR = YES;
				GCC_WARN_UNINITIALIZED_AUTOS = YES_AGGRESSIVE;
				GCC_WARN_UNUSED_FUNCTION = YES;
				GCC_WARN_UNUSED_VARIABLE = YES;
				LOCALIZATION_PREFERS_STRING_CATALOGS = YES;
				MACOSX_DEPLOYMENT_TARGET = 15.2;
				MTL_ENABLE_DEBUG_INFO = INCLUDE_SOURCE;
				MTL_FAST_MATH = YES;
				ONLY_ACTIVE_ARCH = YES;
				SDKROOT = macosx;
				SWIFT_ACTIVE_COMPILATION_CONDITIONS = "DEBUG $(inherited)";
				SWIFT_OPTIMIZATION_LEVEL = "-Onone";
			};
			name = Debug;
		};
		B36EBC412D677100006CB52E /* Release */ = {
			isa = XCBuildConfiguration;
			buildSettings = {
				ALWAYS_SEARCH_USER_PATHS = NO;
				ASSETCATALOG_COMPILER_GENERATE_SWIFT_ASSET_SYMBOL_EXTENSIONS = YES;
				CLANG_ANALYZER_NONNULL = YES;
				CLANG_ANALYZER_NUMBER_OBJECT_CONVERSION = YES_AGGRESSIVE;
				CLANG_CXX_LANGUAGE_STANDARD = "gnu++20";
				CLANG_ENABLE_MODULES = YES;
				CLANG_ENABLE_OBJC_ARC = YES;
				CLANG_ENABLE_OBJC_WEAK = YES;
				CLANG_WARN_BLOCK_CAPTURE_AUTORELEASING = YES;
				CLANG_WARN_BOOL_CONVERSION = YES;
				CLANG_WARN_COMMA = YES;
				CLANG_WARN_CONSTANT_CONVERSION = YES;
				CLANG_WARN_DEPRECATED_OBJC_IMPLEMENTATIONS = YES;
				CLANG_WARN_DIRECT_OBJC_ISA_USAGE = YES_ERROR;
				CLANG_WARN_DOCUMENTATION_COMMENTS = YES;
				CLANG_WARN_EMPTY_BODY = YES;
				CLANG_WARN_ENUM_CONVERSION = YES;
				CLANG_WARN_INFINITE_RECURSION = YES;
				CLANG_WARN_INT_CONVERSION = YES;
				CLANG_WARN_NON_LITERAL_NULL_CONVERSION = YES;
				CLANG_WARN_OBJC_IMPLICIT_RETAIN_SELF = YES;
				CLANG_WARN_OBJC_LITERAL_CONVERSION = YES;
				CLANG_WARN_OBJC_ROOT_CLASS = YES_ERROR;
				CLANG_WARN_QUOTED_INCLUDE_IN_FRAMEWORK_HEADER = YES;
				CLANG_WARN_RANGE_LOOP_ANALYSIS = YES;
				CLANG_WARN_STRICT_PROTOTYPES = YES;
				CLANG_WARN_SUSPICIOUS_MOVE = YES;
				CLANG_WARN_UNGUARDED_AVAILABILITY = YES_AGGRESSIVE;
				CLANG_WARN_UNREACHABLE_CODE = YES;
				CLANG_WARN__DUPLICATE_METHOD_MATCH = YES;
				COPY_PHASE_STRIP = NO;
				DEBUG_INFORMATION_FORMAT = "dwarf-with-dsym";
				ENABLE_NS_ASSERTIONS = NO;
				ENABLE_STRICT_OBJC_MSGSEND = YES;
				ENABLE_USER_SCRIPT_SANDBOXING = YES;
				GCC_C_LANGUAGE_STANDARD = gnu17;
				GCC_NO_COMMON_BLOCKS = YES;
				GCC_WARN_64_TO_32_BIT_CONVERSION = YES;
				GCC_WARN_ABOUT_RETURN_TYPE = YES_ERROR;
				GCC_WARN_UNDECLARED_SELECTOR = YES;
				GCC_WARN_UNINITIALIZED_AUTOS = YES_AGGRESSIVE;
				GCC_WARN_UNUSED_FUNCTION = YES;
				GCC_WARN_UNUSED_VARIABLE = YES;
				LOCALIZATION_PREFERS_STRING_CATALOGS = YES;
				MACOSX_DEPLOYMENT_TARGET = 15.2;
				MTL_ENABLE_DEBUG_INFO = NO;
				MTL_FAST_MATH = YES;
				SDKROOT = macosx;
				SWIFT_COMPILATION_MODE = wholemodule;
			};
			name = Release;
		};
		B36EBC432D677100006CB52E /* Debug */ = {
			isa = XCBuildConfiguration;
			buildSettings = {
				ASSETCATALOG_COMPILER_APPICON_NAME = AppIcon;
				ASSETCATALOG_COMPILER_GLOBAL_ACCENT_COLOR_NAME = AccentColor;
				CODE_SIGN_ENTITLEMENTS = AsyncXPCServiceSampleApp/AsyncXPCServiceSampleApp.entitlements;
				CODE_SIGN_STYLE = Automatic;
				COMBINE_HIDPI_IMAGES = YES;
				CURRENT_PROJECT_VERSION = 1;
				DEVELOPMENT_ASSET_PATHS = "\"AsyncXPCServiceSampleApp/Preview Content\"";
				DEVELOPMENT_TEAM = MLT7M394S7;
				ENABLE_HARDENED_RUNTIME = YES;
				ENABLE_PREVIEWS = YES;
				GENERATE_INFOPLIST_FILE = YES;
				INFOPLIST_KEY_NSHumanReadableCopyright = "";
				LD_RUNPATH_SEARCH_PATHS = (
					"$(inherited)",
					"@executable_path/../Frameworks",
				);
				MARKETING_VERSION = 1.0;
				PRODUCT_BUNDLE_IDENTIFIER = com.brightdigit.AsyncXPCServiceSampleApp;
				PRODUCT_NAME = "$(TARGET_NAME)";
				SWIFT_EMIT_LOC_STRINGS = YES;
				SWIFT_VERSION = 5.0;
			};
			name = Debug;
		};
		B36EBC442D677100006CB52E /* Release */ = {
			isa = XCBuildConfiguration;
			buildSettings = {
				ASSETCATALOG_COMPILER_APPICON_NAME = AppIcon;
				ASSETCATALOG_COMPILER_GLOBAL_ACCENT_COLOR_NAME = AccentColor;
				CODE_SIGN_ENTITLEMENTS = AsyncXPCServiceSampleApp/AsyncXPCServiceSampleApp.entitlements;
				CODE_SIGN_STYLE = Automatic;
				COMBINE_HIDPI_IMAGES = YES;
				CURRENT_PROJECT_VERSION = 1;
				DEVELOPMENT_ASSET_PATHS = "\"AsyncXPCServiceSampleApp/Preview Content\"";
				DEVELOPMENT_TEAM = MLT7M394S7;
				ENABLE_HARDENED_RUNTIME = YES;
				ENABLE_PREVIEWS = YES;
				GENERATE_INFOPLIST_FILE = YES;
				INFOPLIST_KEY_NSHumanReadableCopyright = "";
				LD_RUNPATH_SEARCH_PATHS = (
					"$(inherited)",
					"@executable_path/../Frameworks",
				);
				MARKETING_VERSION = 1.0;
				PRODUCT_BUNDLE_IDENTIFIER = com.brightdigit.AsyncXPCServiceSampleApp;
				PRODUCT_NAME = "$(TARGET_NAME)";
				SWIFT_EMIT_LOC_STRINGS = YES;
				SWIFT_VERSION = 5.0;
			};
			name = Release;
		};
		B36EBC612D677151006CB52E /* Debug */ = {
			isa = XCBuildConfiguration;
			buildSettings = {
				CODE_SIGN_ENTITLEMENTS = AsyncXPCServiceSampleXPC/AsyncXPCServiceSampleXPC.entitlements;
				CODE_SIGN_STYLE = Automatic;
				COMBINE_HIDPI_IMAGES = YES;
				CURRENT_PROJECT_VERSION = 1;
				DEVELOPMENT_TEAM = MLT7M394S7;
				ENABLE_HARDENED_RUNTIME = YES;
				GENERATE_INFOPLIST_FILE = YES;
				INFOPLIST_FILE = AsyncXPCServiceSampleXPC/Info.plist;
				INFOPLIST_KEY_CFBundleDisplayName = AsyncXPCServiceSampleXPC;
				INFOPLIST_KEY_NSHumanReadableCopyright = "";
				MARKETING_VERSION = 1.0;
				PRODUCT_BUNDLE_IDENTIFIER = com.brightdigit.AsyncXPCServiceSampleXPC;
				PRODUCT_NAME = "$(TARGET_NAME)";
				SKIP_INSTALL = YES;
				SWIFT_EMIT_LOC_STRINGS = YES;
				SWIFT_VERSION = 5.0;
			};
			name = Debug;
		};
		B36EBC622D677151006CB52E /* Release */ = {
			isa = XCBuildConfiguration;
			buildSettings = {
				CODE_SIGN_ENTITLEMENTS = AsyncXPCServiceSampleXPC/AsyncXPCServiceSampleXPC.entitlements;
				CODE_SIGN_STYLE = Automatic;
				COMBINE_HIDPI_IMAGES = YES;
				CURRENT_PROJECT_VERSION = 1;
				DEVELOPMENT_TEAM = MLT7M394S7;
				ENABLE_HARDENED_RUNTIME = YES;
				GENERATE_INFOPLIST_FILE = YES;
				INFOPLIST_FILE = AsyncXPCServiceSampleXPC/Info.plist;
				INFOPLIST_KEY_CFBundleDisplayName = AsyncXPCServiceSampleXPC;
				INFOPLIST_KEY_NSHumanReadableCopyright = "";
				MARKETING_VERSION = 1.0;
				PRODUCT_BUNDLE_IDENTIFIER = com.brightdigit.AsyncXPCServiceSampleXPC;
				PRODUCT_NAME = "$(TARGET_NAME)";
				SKIP_INSTALL = YES;
				SWIFT_EMIT_LOC_STRINGS = YES;
				SWIFT_VERSION = 5.0;
			};
			name = Release;
		};
/* End XCBuildConfiguration section */

/* Begin XCConfigurationList section */
		B36EBC2E2D6770FE006CB52E /* Build configuration list for PBXProject "AsyncXPCServiceSampleApp" */ = {
			isa = XCConfigurationList;
			buildConfigurations = (
				B36EBC402D677100006CB52E /* Debug */,
				B36EBC412D677100006CB52E /* Release */,
			);
			defaultConfigurationIsVisible = 0;
			defaultConfigurationName = Release;
		};
		B36EBC422D677100006CB52E /* Build configuration list for PBXNativeTarget "AsyncXPCServiceSampleApp" */ = {
			isa = XCConfigurationList;
			buildConfigurations = (
				B36EBC432D677100006CB52E /* Debug */,
				B36EBC442D677100006CB52E /* Release */,
			);
			defaultConfigurationIsVisible = 0;
			defaultConfigurationName = Release;
		};
		B36EBC642D677151006CB52E /* Build configuration list for PBXNativeTarget "AsyncXPCServiceSampleXPC" */ = {
			isa = XCConfigurationList;
			buildConfigurations = (
				B36EBC612D677151006CB52E /* Debug */,
				B36EBC622D677151006CB52E /* Release */,
			);
			defaultConfigurationIsVisible = 0;
			defaultConfigurationName = Release;
		};
/* End XCConfigurationList section */

/* Begin XCLocalSwiftPackageReference section */
		B36EBC652D67721E006CB52E /* XCLocalSwiftPackageReference "AsyncXPCServiceSample" */ = {
			isa = XCLocalSwiftPackageReference;
			relativePath = AsyncXPCServiceSample;
		};
/* End XCLocalSwiftPackageReference section */

/* Begin XCSwiftPackageProductDependency section */
		B3544F422D678C420019B589 /* AsyncService */ = {
			isa = XCSwiftPackageProductDependency;
			package = B36EBC652D67721E006CB52E /* XCLocalSwiftPackageReference "AsyncXPCServiceSample" */;
			productName = AsyncService;
		};
		B36EBC852D6772D7006CB52E /* AsyncXPC */ = {
			isa = XCSwiftPackageProductDependency;
			package = B36EBC652D67721E006CB52E /* XCLocalSwiftPackageReference "AsyncXPCServiceSample" */;
			productName = AsyncXPC;
		};
/* End XCSwiftPackageProductDependency section */
	};
	rootObject = B36EBC2B2D6770FE006CB52E /* Project object */;
}
